// !$*UTF8*$!
{
	archiveVersion = 1;
	classes = {
	};
	objectVersion = 50;
	objects = {

/* Begin PBXBuildFile section */
		4964B70C26A6802F003671D9 /* AppDelegate.swift in Sources */ = {isa = PBXBuildFile; fileRef = 4964B70B26A6802F003671D9 /* AppDelegate.swift */; };
		4964B70E26A6802F003671D9 /* SceneDelegate.swift in Sources */ = {isa = PBXBuildFile; fileRef = 4964B70D26A6802F003671D9 /* SceneDelegate.swift */; };
		4964B71326A6802F003671D9 /* Main.storyboard in Resources */ = {isa = PBXBuildFile; fileRef = 4964B71126A6802F003671D9 /* Main.storyboard */; };
		4964B71526A68031003671D9 /* Assets.xcassets in Resources */ = {isa = PBXBuildFile; fileRef = 4964B71426A68031003671D9 /* Assets.xcassets */; };
		4964B71826A68031003671D9 /* LaunchScreen.storyboard in Resources */ = {isa = PBXBuildFile; fileRef = 4964B71626A68031003671D9 /* LaunchScreen.storyboard */; };
		4964B72526A6817C003671D9 /* BookNameController.swift in Sources */ = {isa = PBXBuildFile; fileRef = 4964B72426A6817C003671D9 /* BookNameController.swift */; };
		4964B72726A681B8003671D9 /* bookNames.swift in Sources */ = {isa = PBXBuildFile; fileRef = 4964B72626A681B8003671D9 /* bookNames.swift */; };
		4964B72926A69DF7003671D9 /* BookNameContentTableViewController.swift in Sources */ = {isa = PBXBuildFile; fileRef = 4964B72826A69DF7003671D9 /* BookNameContentTableViewController.swift */; };
		4964B72B26A69EC9003671D9 /* BookNameDetailViewController.swift in Sources */ = {isa = PBXBuildFile; fileRef = 4964B72A26A69EC9003671D9 /* BookNameDetailViewController.swift */; };
		4964B73826A7CDB6003671D9 /* Screen Shot 2021-07-20 at 11.35.13 PM.png in Resources */ = {isa = PBXBuildFile; fileRef = 4964B73226A7CDB5003671D9 /* Screen Shot 2021-07-20 at 11.35.13 PM.png */; };
		4964B73926A7CDB6003671D9 /* Screen Shot 2021-07-20 at 11.34.26 PM.png in Resources */ = {isa = PBXBuildFile; fileRef = 4964B73326A7CDB6003671D9 /* Screen Shot 2021-07-20 at 11.34.26 PM.png */; };
		4964B73A26A7CDB6003671D9 /* Screen Shot 2021-07-20 at 11.30.33 PM.png in Resources */ = {isa = PBXBuildFile; fileRef = 4964B73426A7CDB6003671D9 /* Screen Shot 2021-07-20 at 11.30.33 PM.png */; };
		4964B73B26A7CDB6003671D9 /* Screen Shot 2021-07-20 at 11.32.52 PM.png in Resources */ = {isa = PBXBuildFile; fileRef = 4964B73526A7CDB6003671D9 /* Screen Shot 2021-07-20 at 11.32.52 PM.png */; };
		4964B73C26A7CDB6003671D9 /* Screen Shot 2021-07-20 at 11.24.38 PM.png in Resources */ = {isa = PBXBuildFile; fileRef = 4964B73626A7CDB6003671D9 /* Screen Shot 2021-07-20 at 11.24.38 PM.png */; };
		4964B73D26A7CDB6003671D9 /* Screen Shot 2021-07-20 at 11.23.37 PM.png in Resources */ = {isa = PBXBuildFile; fileRef = 4964B73726A7CDB6003671D9 /* Screen Shot 2021-07-20 at 11.23.37 PM.png */; };
/* End PBXBuildFile section */

/* Begin PBXFileReference section */
		4964B70826A6802F003671D9 /* EriksAsessmentOneRetry.app */ = {isa = PBXFileReference; explicitFileType = wrapper.application; includeInIndex = 0; path = EriksAsessmentOneRetry.app; sourceTree = BUILT_PRODUCTS_DIR; };
		4964B70B26A6802F003671D9 /* AppDelegate.swift */ = {isa = PBXFileReference; lastKnownFileType = sourcecode.swift; path = AppDelegate.swift; sourceTree = "<group>"; };
		4964B70D26A6802F003671D9 /* SceneDelegate.swift */ = {isa = PBXFileReference; lastKnownFileType = sourcecode.swift; path = SceneDelegate.swift; sourceTree = "<group>"; };
		4964B71226A6802F003671D9 /* Base */ = {isa = PBXFileReference; lastKnownFileType = file.storyboard; name = Base; path = Base.lproj/Main.storyboard; sourceTree = "<group>"; };
		4964B71426A68031003671D9 /* Assets.xcassets */ = {isa = PBXFileReference; lastKnownFileType = folder.assetcatalog; path = Assets.xcassets; sourceTree = "<group>"; };
		4964B71726A68031003671D9 /* Base */ = {isa = PBXFileReference; lastKnownFileType = file.storyboard; name = Base; path = Base.lproj/LaunchScreen.storyboard; sourceTree = "<group>"; };
		4964B71926A68031003671D9 /* Info.plist */ = {isa = PBXFileReference; lastKnownFileType = text.plist.xml; path = Info.plist; sourceTree = "<group>"; };
		4964B72426A6817C003671D9 /* BookNameController.swift */ = {isa = PBXFileReference; lastKnownFileType = sourcecode.swift; path = BookNameController.swift; sourceTree = "<group>"; };
		4964B72626A681B8003671D9 /* bookNames.swift */ = {isa = PBXFileReference; lastKnownFileType = sourcecode.swift; path = bookNames.swift; sourceTree = "<group>"; };
		4964B72826A69DF7003671D9 /* BookNameContentTableViewController.swift */ = {isa = PBXFileReference; lastKnownFileType = sourcecode.swift; path = BookNameContentTableViewController.swift; sourceTree = "<group>"; };
		4964B72A26A69EC9003671D9 /* BookNameDetailViewController.swift */ = {isa = PBXFileReference; lastKnownFileType = sourcecode.swift; path = BookNameDetailViewController.swift; sourceTree = "<group>"; };
		4964B73226A7CDB5003671D9 /* Screen Shot 2021-07-20 at 11.35.13 PM.png */ = {isa = PBXFileReference; lastKnownFileType = image.png; name = "Screen Shot 2021-07-20 at 11.35.13 PM.png"; path = "../../../Screen Shot 2021-07-20 at 11.35.13 PM.png"; sourceTree = "<group>"; };
		4964B73326A7CDB6003671D9 /* Screen Shot 2021-07-20 at 11.34.26 PM.png */ = {isa = PBXFileReference; lastKnownFileType = image.png; name = "Screen Shot 2021-07-20 at 11.34.26 PM.png"; path = "../../../Screen Shot 2021-07-20 at 11.34.26 PM.png"; sourceTree = "<group>"; };
		4964B73426A7CDB6003671D9 /* Screen Shot 2021-07-20 at 11.30.33 PM.png */ = {isa = PBXFileReference; lastKnownFileType = image.png; name = "Screen Shot 2021-07-20 at 11.30.33 PM.png"; path = "../../../Screen Shot 2021-07-20 at 11.30.33 PM.png"; sourceTree = "<group>"; };
		4964B73526A7CDB6003671D9 /* Screen Shot 2021-07-20 at 11.32.52 PM.png */ = {isa = PBXFileReference; lastKnownFileType = image.png; name = "Screen Shot 2021-07-20 at 11.32.52 PM.png"; path = "../../../Screen Shot 2021-07-20 at 11.32.52 PM.png"; sourceTree = "<group>"; };
		4964B73626A7CDB6003671D9 /* Screen Shot 2021-07-20 at 11.24.38 PM.png */ = {isa = PBXFileReference; lastKnownFileType = image.png; name = "Screen Shot 2021-07-20 at 11.24.38 PM.png"; path = "../../../Screen Shot 2021-07-20 at 11.24.38 PM.png"; sourceTree = "<group>"; };
		4964B73726A7CDB6003671D9 /* Screen Shot 2021-07-20 at 11.23.37 PM.png */ = {isa = PBXFileReference; lastKnownFileType = image.png; name = "Screen Shot 2021-07-20 at 11.23.37 PM.png"; path = "../../../Screen Shot 2021-07-20 at 11.23.37 PM.png"; sourceTree = "<group>"; };
/* End PBXFileReference section */

/* Begin PBXFrameworksBuildPhase section */
		4964B70526A6802F003671D9 /* Frameworks */ = {
			isa = PBXFrameworksBuildPhase;
			buildActionMask = 2147483647;
			files = (
			);
			runOnlyForDeploymentPostprocessing = 0;
		};
/* End PBXFrameworksBuildPhase section */

/* Begin PBXGroup section */
		4964B6FF26A6802F003671D9 = {
			isa = PBXGroup;
			children = (
				4964B70A26A6802F003671D9 /* EriksAsessmentOneRetry */,
				4964B70926A6802F003671D9 /* Products */,
			);
			sourceTree = "<group>";
		};
		4964B70926A6802F003671D9 /* Products */ = {
			isa = PBXGroup;
			children = (
				4964B70826A6802F003671D9 /* EriksAsessmentOneRetry.app */,
			);
			name = Products;
			sourceTree = "<group>";
		};
		4964B70A26A6802F003671D9 /* EriksAsessmentOneRetry */ = {
			isa = PBXGroup;
			children = (
				4964B72326A680EE003671D9 /* StoryBoards (VIews) */,
				4964B72226A68094003671D9 /* Controllers */,
				4964B72026A6804C003671D9 /* Models */,
				4964B71F26A68044003671D9 /* Resources */,
			);
			path = EriksAsessmentOneRetry;
			sourceTree = "<group>";
		};
		4964B71F26A68044003671D9 /* Resources */ = {
			isa = PBXGroup;
			children = (
				4964B70B26A6802F003671D9 /* AppDelegate.swift */,
				4964B70D26A6802F003671D9 /* SceneDelegate.swift */,
				4964B71426A68031003671D9 /* Assets.xcassets */,
				4964B73726A7CDB6003671D9 /* Screen Shot 2021-07-20 at 11.23.37 PM.png */,
				4964B73626A7CDB6003671D9 /* Screen Shot 2021-07-20 at 11.24.38 PM.png */,
				4964B73426A7CDB6003671D9 /* Screen Shot 2021-07-20 at 11.30.33 PM.png */,
				4964B73526A7CDB6003671D9 /* Screen Shot 2021-07-20 at 11.32.52 PM.png */,
				4964B73326A7CDB6003671D9 /* Screen Shot 2021-07-20 at 11.34.26 PM.png */,
				4964B73226A7CDB5003671D9 /* Screen Shot 2021-07-20 at 11.35.13 PM.png */,
				4964B71926A68031003671D9 /* Info.plist */,
			);
			path = Resources;
			sourceTree = "<group>";
		};
		4964B72026A6804C003671D9 /* Models */ = {
			isa = PBXGroup;
			children = (
				4964B72626A681B8003671D9 /* bookNames.swift */,
			);
			path = Models;
			sourceTree = "<group>";
		};
		4964B72226A68094003671D9 /* Controllers */ = {
			isa = PBXGroup;
			children = (
				4964B72826A69DF7003671D9 /* BookNameContentTableViewController.swift */,
				4964B72A26A69EC9003671D9 /* BookNameDetailViewController.swift */,
				4964B72426A6817C003671D9 /* BookNameController.swift */,
			);
			path = Controllers;
			sourceTree = "<group>";
		};
		4964B72326A680EE003671D9 /* StoryBoards (VIews) */ = {
			isa = PBXGroup;
			children = (
				4964B71626A68031003671D9 /* LaunchScreen.storyboard */,
				4964B71126A6802F003671D9 /* Main.storyboard */,
			);
			path = "StoryBoards (VIews)";
			sourceTree = "<group>";
		};
/* End PBXGroup section */

/* Begin PBXNativeTarget section */
		4964B70726A6802F003671D9 /* EriksAsessmentOneRetry */ = {
			isa = PBXNativeTarget;
			buildConfigurationList = 4964B71C26A68031003671D9 /* Build configuration list for PBXNativeTarget "EriksAsessmentOneRetry" */;
			buildPhases = (
				4964B70426A6802F003671D9 /* Sources */,
				4964B70526A6802F003671D9 /* Frameworks */,
				4964B70626A6802F003671D9 /* Resources */,
			);
			buildRules = (
			);
			dependencies = (
			);
			name = EriksAsessmentOneRetry;
			productName = EriksAsessmentOneRetry;
			productReference = 4964B70826A6802F003671D9 /* EriksAsessmentOneRetry.app */;
			productType = "com.apple.product-type.application";
		};
/* End PBXNativeTarget section */

/* Begin PBXProject section */
		4964B70026A6802F003671D9 /* Project object */ = {
			isa = PBXProject;
			attributes = {
				LastSwiftUpdateCheck = 1250;
				LastUpgradeCheck = 1250;
				TargetAttributes = {
					4964B70726A6802F003671D9 = {
						CreatedOnToolsVersion = 12.5.1;
					};
				};
			};
			buildConfigurationList = 4964B70326A6802F003671D9 /* Build configuration list for PBXProject "EriksAsessmentOneRetry" */;
			compatibilityVersion = "Xcode 9.3";
			developmentRegion = en;
			hasScannedForEncodings = 0;
			knownRegions = (
				en,
				Base,
			);
			mainGroup = 4964B6FF26A6802F003671D9;
			productRefGroup = 4964B70926A6802F003671D9 /* Products */;
			projectDirPath = "";
			projectRoot = "";
			targets = (
				4964B70726A6802F003671D9 /* EriksAsessmentOneRetry */,
			);
		};
/* End PBXProject section */

/* Begin PBXResourcesBuildPhase section */
		4964B70626A6802F003671D9 /* Resources */ = {
			isa = PBXResourcesBuildPhase;
			buildActionMask = 2147483647;
			files = (
				4964B73926A7CDB6003671D9 /* Screen Shot 2021-07-20 at 11.34.26 PM.png in Resources */,
				4964B73B26A7CDB6003671D9 /* Screen Shot 2021-07-20 at 11.32.52 PM.png in Resources */,
				4964B71826A68031003671D9 /* LaunchScreen.storyboard in Resources */,
				4964B73C26A7CDB6003671D9 /* Screen Shot 2021-07-20 at 11.24.38 PM.png in Resources */,
				4964B71526A68031003671D9 /* Assets.xcassets in Resources */,
				4964B73D26A7CDB6003671D9 /* Screen Shot 2021-07-20 at 11.23.37 PM.png in Resources */,
				4964B73826A7CDB6003671D9 /* Screen Shot 2021-07-20 at 11.35.13 PM.png in Resources */,
				4964B71326A6802F003671D9 /* Main.storyboard in Resources */,
				4964B73A26A7CDB6003671D9 /* Screen Shot 2021-07-20 at 11.30.33 PM.png in Resources */,
			);
			runOnlyForDeploymentPostprocessing = 0;
		};
/* End PBXResourcesBuildPhase section */

/* Begin PBXSourcesBuildPhase section */
		4964B70426A6802F003671D9 /* Sources */ = {
			isa = PBXSourcesBuildPhase;
			buildActionMask = 2147483647;
			files = (
				4964B72B26A69EC9003671D9 /* BookNameDetailViewController.swift in Sources */,
				4964B72926A69DF7003671D9 /* BookNameContentTableViewController.swift in Sources */,
				4964B70C26A6802F003671D9 /* AppDelegate.swift in Sources */,
				4964B70E26A6802F003671D9 /* SceneDelegate.swift in Sources */,
				4964B72726A681B8003671D9 /* bookNames.swift in Sources */,
				4964B72526A6817C003671D9 /* BookNameController.swift in Sources */,
			);
			runOnlyForDeploymentPostprocessing = 0;
		};
/* End PBXSourcesBuildPhase section */

/* Begin PBXVariantGroup section */
		4964B71126A6802F003671D9 /* Main.storyboard */ = {
			isa = PBXVariantGroup;
			children = (
				4964B71226A6802F003671D9 /* Base */,
			);
			name = Main.storyboard;
			sourceTree = "<group>";
		};
		4964B71626A68031003671D9 /* LaunchScreen.storyboard */ = {
			isa = PBXVariantGroup;
			children = (
				4964B71726A68031003671D9 /* Base */,
			);
			name = LaunchScreen.storyboard;
			sourceTree = "<group>";
		};
/* End PBXVariantGroup section */

/* Begin XCBuildConfiguration section */
		4964B71A26A68031003671D9 /* Debug */ = {
			isa = XCBuildConfiguration;
			buildSettings = {
				ALWAYS_SEARCH_USER_PATHS = NO;
				CLANG_ANALYZER_NONNULL = YES;
				CLANG_ANALYZER_NUMBER_OBJECT_CONVERSION = YES_AGGRESSIVE;
				CLANG_CXX_LANGUAGE_STANDARD = "gnu++14";
				CLANG_CXX_LIBRARY = "libc++";
				CLANG_ENABLE_MODULES = YES;
				CLANG_ENABLE_OBJC_ARC = YES;
				CLANG_ENABLE_OBJC_WEAK = YES;
				CLANG_WARN_BLOCK_CAPTURE_AUTORELEASING = YES;
				CLANG_WARN_BOOL_CONVERSION = YES;
				CLANG_WARN_COMMA = YES;
				CLANG_WARN_CONSTANT_CONVERSION = YES;
				CLANG_WARN_DEPRECATED_OBJC_IMPLEMENTATIONS = YES;
				CLANG_WARN_DIRECT_OBJC_ISA_USAGE = YES_ERROR;
				CLANG_WARN_DOCUMENTATION_COMMENTS = YES;
				CLANG_WARN_EMPTY_BODY = YES;
				CLANG_WARN_ENUM_CONVERSION = YES;
				CLANG_WARN_INFINITE_RECURSION = YES;
				CLANG_WARN_INT_CONVERSION = YES;
				CLANG_WARN_NON_LITERAL_NULL_CONVERSION = YES;
				CLANG_WARN_OBJC_IMPLICIT_RETAIN_SELF = YES;
				CLANG_WARN_OBJC_LITERAL_CONVERSION = YES;
				CLANG_WARN_OBJC_ROOT_CLASS = YES_ERROR;
				CLANG_WARN_QUOTED_INCLUDE_IN_FRAMEWORK_HEADER = YES;
				CLANG_WARN_RANGE_LOOP_ANALYSIS = YES;
				CLANG_WARN_STRICT_PROTOTYPES = YES;
				CLANG_WARN_SUSPICIOUS_MOVE = YES;
				CLANG_WARN_UNGUARDED_AVAILABILITY = YES_AGGRESSIVE;
				CLANG_WARN_UNREACHABLE_CODE = YES;
				CLANG_WARN__DUPLICATE_METHOD_MATCH = YES;
				COPY_PHASE_STRIP = NO;
				DEBUG_INFORMATION_FORMAT = dwarf;
				ENABLE_STRICT_OBJC_MSGSEND = YES;
				ENABLE_TESTABILITY = YES;
				GCC_C_LANGUAGE_STANDARD = gnu11;
				GCC_DYNAMIC_NO_PIC = NO;
				GCC_NO_COMMON_BLOCKS = YES;
				GCC_OPTIMIZATION_LEVEL = 0;
				GCC_PREPROCESSOR_DEFINITIONS = (
					"DEBUG=1",
					"$(inherited)",
				);
				GCC_WARN_64_TO_32_BIT_CONVERSION = YES;
				GCC_WARN_ABOUT_RETURN_TYPE = YES_ERROR;
				GCC_WARN_UNDECLARED_SELECTOR = YES;
				GCC_WARN_UNINITIALIZED_AUTOS = YES_AGGRESSIVE;
				GCC_WARN_UNUSED_FUNCTION = YES;
				GCC_WARN_UNUSED_VARIABLE = YES;
				IPHONEOS_DEPLOYMENT_TARGET = 14.5;
				MTL_ENABLE_DEBUG_INFO = INCLUDE_SOURCE;
				MTL_FAST_MATH = YES;
				ONLY_ACTIVE_ARCH = YES;
				SDKROOT = iphoneos;
				SWIFT_ACTIVE_COMPILATION_CONDITIONS = DEBUG;
				SWIFT_OPTIMIZATION_LEVEL = "-Onone";
			};
			name = Debug;
		};
		4964B71B26A68031003671D9 /* Release */ = {
			isa = XCBuildConfiguration;
			buildSettings = {
				ALWAYS_SEARCH_USER_PATHS = NO;
				CLANG_ANALYZER_NONNULL = YES;
				CLANG_ANALYZER_NUMBER_OBJECT_CONVERSION = YES_AGGRESSIVE;
				CLANG_CXX_LANGUAGE_STANDARD = "gnu++14";
				CLANG_CXX_LIBRARY = "libc++";
				CLANG_ENABLE_MODULES = YES;
				CLANG_ENABLE_OBJC_ARC = YES;
				CLANG_ENABLE_OBJC_WEAK = YES;
				CLANG_WARN_BLOCK_CAPTURE_AUTORELEASING = YES;
				CLANG_WARN_BOOL_CONVERSION = YES;
				CLANG_WARN_COMMA = YES;
				CLANG_WARN_CONSTANT_CONVERSION = YES;
				CLANG_WARN_DEPRECATED_OBJC_IMPLEMENTATIONS = YES;
				CLANG_WARN_DIRECT_OBJC_ISA_USAGE = YES_ERROR;
				CLANG_WARN_DOCUMENTATION_COMMENTS = YES;
				CLANG_WARN_EMPTY_BODY = YES;
				CLANG_WARN_ENUM_CONVERSION = YES;
				CLANG_WARN_INFINITE_RECURSION = YES;
				CLANG_WARN_INT_CONVERSION = YES;
				CLANG_WARN_NON_LITERAL_NULL_CONVERSION = YES;
				CLANG_WARN_OBJC_IMPLICIT_RETAIN_SELF = YES;
				CLANG_WARN_OBJC_LITERAL_CONVERSION = YES;
				CLANG_WARN_OBJC_ROOT_CLASS = YES_ERROR;
				CLANG_WARN_QUOTED_INCLUDE_IN_FRAMEWORK_HEADER = YES;
				CLANG_WARN_RANGE_LOOP_ANALYSIS = YES;
				CLANG_WARN_STRICT_PROTOTYPES = YES;
				CLANG_WARN_SUSPICIOUS_MOVE = YES;
				CLANG_WARN_UNGUARDED_AVAILABILITY = YES_AGGRESSIVE;
				CLANG_WARN_UNREACHABLE_CODE = YES;
				CLANG_WARN__DUPLICATE_METHOD_MATCH = YES;
				COPY_PHASE_STRIP = NO;
				DEBUG_INFORMATION_FORMAT = "dwarf-with-dsym";
				ENABLE_NS_ASSERTIONS = NO;
				ENABLE_STRICT_OBJC_MSGSEND = YES;
				GCC_C_LANGUAGE_STANDARD = gnu11;
				GCC_NO_COMMON_BLOCKS = YES;
				GCC_WARN_64_TO_32_BIT_CONVERSION = YES;
				GCC_WARN_ABOUT_RETURN_TYPE = YES_ERROR;
				GCC_WARN_UNDECLARED_SELECTOR = YES;
				GCC_WARN_UNINITIALIZED_AUTOS = YES_AGGRESSIVE;
				GCC_WARN_UNUSED_FUNCTION = YES;
				GCC_WARN_UNUSED_VARIABLE = YES;
				IPHONEOS_DEPLOYMENT_TARGET = 14.5;
				MTL_ENABLE_DEBUG_INFO = NO;
				MTL_FAST_MATH = YES;
				SDKROOT = iphoneos;
				SWIFT_COMPILATION_MODE = wholemodule;
				SWIFT_OPTIMIZATION_LEVEL = "-O";
				VALIDATE_PRODUCT = YES;
			};
			name = Release;
		};
		4964B71D26A68031003671D9 /* Debug */ = {
			isa = XCBuildConfiguration;
			buildSettings = {
				ASSETCATALOG_COMPILER_APPICON_NAME = AppIcon;
				ASSETCATALOG_COMPILER_GLOBAL_ACCENT_COLOR_NAME = AccentColor;
				CODE_SIGN_STYLE = Automatic;
				DEVELOPMENT_TEAM = D5HQJSJD5A;
				INFOPLIST_FILE = EriksAsessmentOneRetry/Resources/Info.plist;
				LD_RUNPATH_SEARCH_PATHS = (
					"$(inherited)",
					"@executable_path/Frameworks",
				);
				PRODUCT_BUNDLE_IDENTIFIER = Erik.EriksAsessmentOneRetry;
				PRODUCT_NAME = "$(TARGET_NAME)";
				SWIFT_VERSION = 5.0;
				TARGETED_DEVICE_FAMILY = "1,2";
			};
			name = Debug;
		};
		4964B71E26A68031003671D9 /* Release */ = {
			isa = XCBuildConfiguration;
			buildSettings = {
				ASSETCATALOG_COMPILER_APPICON_NAME = AppIcon;
				ASSETCATALOG_COMPILER_GLOBAL_ACCENT_COLOR_NAME = AccentColor;
				CODE_SIGN_STYLE = Automatic;
				DEVELOPMENT_TEAM = D5HQJSJD5A;
				INFOPLIST_FILE = EriksAsessmentOneRetry/Resources/Info.plist;
				LD_RUNPATH_SEARCH_PATHS = (
					"$(inherited)",
					"@executable_path/Frameworks",
				);
				PRODUCT_BUNDLE_IDENTIFIER = Erik.EriksAsessmentOneRetry;
				PRODUCT_NAME = "$(TARGET_NAME)";
				SWIFT_VERSION = 5.0;
				TARGETED_DEVICE_FAMILY = "1,2";
			};
			name = Release;
		};
/* End XCBuildConfiguration section */

/* Begin XCConfigurationList section */
		4964B70326A6802F003671D9 /* Build configuration list for PBXProject "EriksAsessmentOneRetry" */ = {
			isa = XCConfigurationList;
			buildConfigurations = (
				4964B71A26A68031003671D9 /* Debug */,
				4964B71B26A68031003671D9 /* Release */,
			);
			defaultConfigurationIsVisible = 0;
			defaultConfigurationName = Release;
		};
		4964B71C26A68031003671D9 /* Build configuration list for PBXNativeTarget "EriksAsessmentOneRetry" */ = {
			isa = XCConfigurationList;
			buildConfigurations = (
				4964B71D26A68031003671D9 /* Debug */,
				4964B71E26A68031003671D9 /* Release */,
			);
			defaultConfigurationIsVisible = 0;
			defaultConfigurationName = Release;
		};
/* End XCConfigurationList section */
	};
	rootObject = 4964B70026A6802F003671D9 /* Project object */;
}
